
Microsoft Visual Studio Solution File, Format Version 12.00
# Visual Studio Version 17
VisualStudioVersion = 17.4.33213.308
MinimumVisualStudioVersion = 10.0.40219.1
Project("{FAE04EC0-301F-11D3-BF4B-00C04F79EFBC}") = "NinjaTrader", "NinjaTrader.csproj", "{1015D5CD-E280-4622-A0F7-0AE69AFF37B9}"
EndProject
Global
	GlobalSection(SolutionConfigurationPlatforms) = preSolution
		Debug|Any CPU = Debug|Any CPU
		Release|Any CPU = Release|Any CPU
	EndGlobalSection
	GlobalSection(ProjectConfigurationPlatforms) = postSolution
		{1015D5CD-E280-4622-A0F7-0AE69AFF37B9}.Debug|Any CPU.ActiveCfg = Debug|Any CPU
		{1015D5CD-E280-4622-A0F7-0AE69AFF37B9}.Debug|Any CPU.Build.0 = Debug|Any CPU
		{1015D5CD-E280-4622-A0F7-0AE69AFF37B9}.Release|Any CPU.ActiveCfg = Release|Any CPU
		{1015D5CD-E280-4622-A0F7-0AE69AFF37B9}.Release|Any CPU.Build.0 = Release|Any CPU
	EndGlobalSection
	GlobalSection(SolutionProperties) = preSolution
		HideSolutionNode = FALSE
	EndGlobalSection
	GlobalSection(ExtensibilityGlobals) = postSolution
		SolutionGuid = {94FBE6FB-7148-4FD4-BD9D-51284C7F6C8D}
	EndGlobalSection
EndGlobal
