
Microsoft Visual Studio Solution File, Format Version 12.00
# Visual Studio Version 17
VisualStudioVersion = 17.4.33213.308
MinimumVisualStudioVersion = 10.0.40219.1
Project("{FAE04EC0-301F-11D3-BF4B-00C04F79EFBC}") = "RecordAndDisplayTradesWithButtons", "RecordAndDisplayTradesWithButtons.csproj", "{3FC05591-F2A2-4627-A552-78FAA519FCCA}"
EndProject
Global
	GlobalSection(SolutionConfigurationPlatforms) = preSolution
		Debug|Any CPU = Debug|Any CPU
		Release|Any CPU = Release|Any CPU
	EndGlobalSection
	GlobalSection(ProjectConfigurationPlatforms) = postSolution
		{3FC05591-F2A2-4627-A552-78FAA519FCCA}.Debug|Any CPU.ActiveCfg = Debug|Any CPU
		{3FC05591-F2A2-4627-A552-78FAA519FCCA}.Debug|Any CPU.Build.0 = Debug|Any CPU
		{3FC05591-F2A2-4627-A552-78FAA519FCCA}.Release|Any CPU.ActiveCfg = Release|Any CPU
		{3FC05591-F2A2-4627-A552-78FAA519FCCA}.Release|Any CPU.Build.0 = Release|Any CPU
	EndGlobalSection
	GlobalSection(SolutionProperties) = preSolution
		HideSolutionNode = FALSE
	EndGlobalSection
	GlobalSection(ExtensibilityGlobals) = postSolution
		SolutionGuid = {1C6AC6B5-31B0-411C-B990-106E0D3AB24B}
	EndGlobalSection
EndGlobal
